<?xml version="1.0" encoding="utf-8"?>
<Project ToolsVersion="4.0" xmlns="http://schemas.microsoft.com/developer/msbuild/2003">
  <ItemGroup>
    <ClCompile Include="src\SceneObjects\Metaball.cpp" />
    <ClCompile Include="src\getopt.cpp" />
    <ClCompile Include="src\main.cpp" />
    <ClCompile Include="src\RayTracer.cpp" />
    <ClCompile Include="src\scene\Texture.cpp" />
    <ClCompile Include="src\ui\TraceGLWindow.cpp" />
    <ClCompile Include="src\ui\TraceUI.cpp" />
    <ClCompile Include="src\fileio\bitmap.cpp" />
    <ClCompile Include="src\fileio\parse.cpp" />
    <ClCompile Include="src\fileio\read.cpp" />
    <ClCompile Include="src\vecmath\vecmath.cpp" />
    <ClCompile Include="src\scene\camera.cpp" />
    <ClCompile Include="src\scene\light.cpp" />
    <ClCompile Include="src\scene\material.cpp" />
    <ClCompile Include="src\scene\ray.cpp" />
    <ClCompile Include="src\scene\scene.cpp" />
    <ClCompile Include="src\SceneObjects\Box.cpp" />
    <ClCompile Include="src\SceneObjects\Cone.cpp" />
    <ClCompile Include="src\SceneObjects\Cylinder.cpp" />
    <ClCompile Include="src\SceneObjects\Sphere.cpp" />
    <ClCompile Include="src\SceneObjects\Square.cpp" />
    <ClCompile Include="src\SceneObjects\trimesh.cpp" />
    <ClCompile Include="src\SceneObjects\Quadric.cpp" />
    <ClCompile Include="src\SceneObjects\Bump.cpp" />
    <ClCompile Include="src\SceneObjects\ParticleSystem.cpp" />
  </ItemGroup>
  <ItemGroup>
    <ClInclude Include="src\SceneObjects\Metaball.h" />
    <ClInclude Include="src\RayTracer.h" />
    <ClInclude Include="src\scene\Texture.h" />
    <ClInclude Include="src\ui\TraceGLWindow.h" />
    <ClInclude Include="src\ui\TraceUI.h" />
    <ClInclude Include="src\fileio\bitmap.h" />
    <ClInclude Include="src\fileio\parse.h" />
    <ClInclude Include="src\fileio\read.h" />
    <ClInclude Include="src\vecmath\vecmath.h" />
    <ClInclude Include="src\scene\camera.h" />
    <ClInclude Include="src\scene\light.h" />
    <ClInclude Include="src\scene\material.h" />
    <ClInclude Include="src\scene\ray.h" />
    <ClInclude Include="src\scene\scene.h" />
    <ClInclude Include="src\SceneObjects\Box.h" />
    <ClInclude Include="src\SceneObjects\Cone.h" />
    <ClInclude Include="src\SceneObjects\Cylinder.h" />
    <ClInclude Include="src\SceneObjects\Sphere.h" />
    <ClInclude Include="src\SceneObjects\Square.h" />
    <ClInclude Include="src\SceneObjects\trimesh.h" />
    <ClInclude Include="src\SceneObjects\Quadric.h" />
    <ClInclude Include="src\SceneObjects\Bump.h" />
    <ClInclude Include="src\SceneObjects\ParticleSystem.h" />
  </ItemGroup>
  <ItemGroup>
    <None Include="Makefile" />
  </ItemGroup>
</Project>